
Microsoft Visual Studio Solution File, Format Version 12.00
# Visual Studio Version 16
VisualStudioVersion = 16.0.30204.135
MinimumVisualStudioVersion = 10.0.40219.1
Project("{9A19103F-16F7-4668-BE54-9A1E7A4F7556}") = "SacrementPlanner", "SacrementPlanner.csproj", "{439ABCE8-B316-4FF9-9C90-C705F020641E}"
EndProject
Global
	GlobalSection(SolutionConfigurationPlatforms) = preSolution
		Debug|Any CPU = Debug|Any CPU
		Release|Any CPU = Release|Any CPU
	EndGlobalSection
	GlobalSection(ProjectConfigurationPlatforms) = postSolution
		{439ABCE8-B316-4FF9-9C90-C705F020641E}.Debug|Any CPU.ActiveCfg = Debug|Any CPU
		{439ABCE8-B316-4FF9-9C90-C705F020641E}.Debug|Any CPU.Build.0 = Debug|Any CPU
		{439ABCE8-B316-4FF9-9C90-C705F020641E}.Release|Any CPU.ActiveCfg = Release|Any CPU
		{439ABCE8-B316-4FF9-9C90-C705F020641E}.Release|Any CPU.Build.0 = Release|Any CPU
	EndGlobalSection
	GlobalSection(SolutionProperties) = preSolution
		HideSolutionNode = FALSE
	EndGlobalSection
	GlobalSection(ExtensibilityGlobals) = postSolution
		SolutionGuid = {391C9A1C-AE06-4378-9870-4FFEE4CDCEC9}
	EndGlobalSection
EndGlobal
